YªçŠx-®éÜj×¢ëiºÚ+Š§j[h‘éÜ¢éíïm|Õ:-jZ.¶›­–)Þ³W°¢&æÖR#¢'&V7BÖW†×ÆR"À¢'fW'6–öâ#¢#ãã"À¢&Æö6¶f–ÆUfW'6–öâ#¢2À¢'&WV—&W2#¢G'VRÀ¢'6¶vW2#¢°¢"#¢°¢&æÖR#¢'&V7BÖW†×ÆR"À¢'fW'6–öâ#¢#ãã"À¢&FWVæFVæ6–W2#¢°¢$6æ2×F’öÆ–÷WBÖ&6–2#¢%ã‚ã2ã#’"À¢$vöövÆRövVæ’#¢%ã"ãBã"À¢$†öö¶f÷&Ò÷&W6öÇfW'2#¢%ãRãBã"À¢$æ—fòö&"#¢%ãã“’ã"À¢$æ—fòöÆ–æR#¢%ãã“’ã"À¢$æ—fò÷–R#¢%ãã“’ã"À¢$&F—‚×V’÷&V7BÖG&÷F÷vâÖÖVçR#¢%ã"ãã#"À¢$&F—‚×V’÷&V7B×÷÷fW"#¢%ããã#"À¢$F–Çv–æF772÷f—FR#¢%ãBããB"À¢$Fç7F6²÷&V7B×VW'’#¢%ãRããB"À¢$f—FV§2÷ÇVv–â×&V7B#¢%ãRããB"À¢&†–÷2#¢%ãã‚ã"À¢&6Æ72×f&–æ6RÖWF†÷&—G’#¢%ããrã"À¢&6Ç7‚#¢%ã"ãã"À¢&FFRÖfç2#¢%ãBãBã"À¢&F÷FVçb#¢%ãrã"ã2"À¢&W‡&W72#¢%ãBã#ã""À¢&vÆö"#¢%ã2ããb"À¢&ÇV6–FR×&V7B#¢%ãã#Rã"À¢&Ö÷F–öâ#¢%ã"ã#2ã#B"À¢'WWFVW"#¢%ã#Rã2ã"À¢'&V7B#¢%ã’ãã"À¢'&V7BÖFöÒ#¢%ã’ãã"À¢'&V7BÖ†öö²Öf÷&Ò#¢%ãrãƒ"ã"À¢'&V7B×&÷WFW"ÖFöÒ#¢%ãrã‚ã"À¢'&V7B×6VÆV7B#¢%ãRãã""À¢'&V6†'G2#¢%ã2ã’ã""À¢'7vVWFÆW'C"#¢%ãã#bã"À¢'F–Çv–æBÖÖW&vR#¢%ã2ãbã"À¢'WV–B#¢%ãBãã"À¢'f—FR#¢%ãbã"ã2"À¢'¦öB#¢%ãBãBã2 ¢ÒÀ¢&FWdFWVæFVæ6–W2#¢°¢$G—W2öW‡&W72#¢%ãBãrã#"À¢$G—W2öæöFR#¢%ã#"ãBã"À¢$G—W2÷WV–B#¢%ããã"À¢&WF÷&Vf—†W"#¢%ããBã#"À¢&W6'^õ×Ím¢G§²ÚîÆ­yÔ‡¥"óÆ„åU3bò³u46#“…”ödÓÒ"À¢&Æ–6Vç6R#¢$•42"À¢&Væv–æW2#¢°¢&æöFR#¢#ãÓ ¢Ð¢ÒÀ¢&æöFUöÖöGVÆW2÷–ÆÆ—7B#¢°¢'fW'6–öâ#¢#2ãã"À¢&Æ–6Vç6R#¢$•42 ¢ÒÀ¢&æöFUöÖöGVÆW2÷–&w2#¢°¢'fW'6–öâ#¢#‚ãã"À¢'&W6öÇfVB#¢&‡GG3¢ò÷&Vv—7G'’æçÖ§2æ÷&r÷–&w2òÒ÷–&w2Ó‚ããçFw¢"À¢&–çFVw&—G’#¢'6†S"ÓETWF3%%”t…¦3tF÷—·'–Æã7•ƒ$E¥g†v'v†ã'“t×%&t¶ö4”¶S„Ã4÷…–6&…„ÆtÄeU37¤—U¤´%v×TæsÓÒ"À¢&Æ–6Vç6R#¢$Ô•B"À¢&FWVæFVæ6–W2#¢°¢&6Æ—V’#¢%ã’ãã"À¢&W66ÆFR#¢%ã2ãã"À¢&vWBÖ6ÆÆW"Öf–ÆR#¢%ã"ããR"À¢'7G&–ær×v–GF‚#¢%ãrã"ã"À¢'“†â#¢%ãRããR"À¢'–&w2×'6W"#¢%ã#"ãã ¢ÒÀ¢&Væv–æW2#¢°¢&æöFR#¢%ã#ã’ãÇÂã#"ã"ãÇÂãÓ#2 ¢Ð¢ÒÀ¢&æöFUöÖöGVÆW2÷–&w2×'6W"#¢°¢'fW'6–öâ#¢##"ãã"À¢'&W6öÇfVB#¢&‡GG3¢ò÷&Vv—7G'’æçÖ§2æ÷&r÷–&w2×'6W"òÒ÷–&w2×'6W"Ó#"ããçFw¢"À¢&–çFVw&—G’#¢'6†S"×'wRô6ÄæE4×µ7%V"¶Cd%'56´ÅWfÖg5“eD÷—¥Gwgv¶sôå$sƒT´'“6·²´„ÄµuƒfÇ7R¶vB³&¶‡gU‡'sÓÒ"À¢&Æ–6Vç6R#¢$•42"À¢&Væv–æW2#¢°¢&æöFR#¢%ã#ã’ãÇÂã#"ã"ãÇÂãÓ#2 ¢Ð¢ÒÀ¢&æöFUöÖöGVÆW2÷¦öB#¢°¢'fW'6–öâ#¢#BãBã2"À¢'&W6öÇfVB#¢&‡GG3¢ò÷&Vv—7G'’æçÖ§2æ÷&r÷¦öBòÒ÷¦öBÓBãBã2çFw¢"À¢&–çFVw&—G’#¢'6†S"×—DTäf¤”¤fÃ%Wu–vÆFS&¦6…s$‡vÓDt¤dÄF•5…vEG$¥$”ã”f7—vãDF‡„¤V•tä¤Õcô'verö¶¶ssTF4„§•EÓÒ"À¢&Æ–6Vç6R#¢$Ô•B"À¢&gVæF–ær#¢°¢'W&Â#¢&‡GG3¢òöv—F‡V"æ6öÒ÷7öç6÷'2ö6öÆ–æ†6·2 ¢Ð¢Ð¢Ð§Ð